
Microsoft Visual Studio Solution File, Format Version 12.00
# Visual Studio 15
VisualStudioVersion = 15.0.28307.329
MinimumVisualStudioVersion = 10.0.40219.1
Project("{9A19103F-16F7-4668-BE54-9A1E7A4F7556}") = "Lab2", "Lab2\Lab2.csproj", "{D4BF385B-164D-4FB0-BFE6-7C654BCC19FE}"
EndProject
Project("{9A19103F-16F7-4668-BE54-9A1E7A4F7556}") = "Lab3", "Lab3\Lab3.csproj", "{18282249-EC3E-44A8-A187-87201E71E054}"
EndProject
Project("{9A19103F-16F7-4668-BE54-9A1E7A4F7556}") = "Lab5", "Lab5\Lab5.csproj", "{D7939118-C407-4F9C-B21C-1F9A69FAC2E0}"
EndProject
Project("{9A19103F-16F7-4668-BE54-9A1E7A4F7556}") = "Lab1", "Lab1\Lab1.csproj", "{3148C5D8-ECBF-45EA-804D-0658051CD6BC}"
EndProject
Project("{FAE04EC0-301F-11D3-BF4B-00C04F79EFBC}") = "Lab4", "Lab4\Lab4.csproj", "{A58052A7-FD7F-4E08-A143-516008776B91}"
EndProject
Global
	GlobalSection(SolutionConfigurationPlatforms) = preSolution
		Debug|Any CPU = Debug|Any CPU
		Release|Any CPU = Release|Any CPU
	EndGlobalSection
	GlobalSection(ProjectConfigurationPlatforms) = postSolution
		{D4BF385B-164D-4FB0-BFE6-7C654BCC19FE}.Debug|Any CPU.ActiveCfg = Debug|Any CPU
		{D4BF385B-164D-4FB0-BFE6-7C654BCC19FE}.Debug|Any CPU.Build.0 = Debug|Any CPU
		{D4BF385B-164D-4FB0-BFE6-7C654BCC19FE}.Release|Any CPU.ActiveCfg = Release|Any CPU
		{D4BF385B-164D-4FB0-BFE6-7C654BCC19FE}.Release|Any CPU.Build.0 = Release|Any CPU
		{18282249-EC3E-44A8-A187-87201E71E054}.Debug|Any CPU.ActiveCfg = Debug|Any CPU
		{18282249-EC3E-44A8-A187-87201E71E054}.Debug|Any CPU.Build.0 = Debug|Any CPU
		{18282249-EC3E-44A8-A187-87201E71E054}.Release|Any CPU.ActiveCfg = Release|Any CPU
		{18282249-EC3E-44A8-A187-87201E71E054}.Release|Any CPU.Build.0 = Release|Any CPU
		{D7939118-C407-4F9C-B21C-1F9A69FAC2E0}.Debug|Any CPU.ActiveCfg = Debug|Any CPU
		{D7939118-C407-4F9C-B21C-1F9A69FAC2E0}.Debug|Any CPU.Build.0 = Debug|Any CPU
		{D7939118-C407-4F9C-B21C-1F9A69FAC2E0}.Release|Any CPU.ActiveCfg = Release|Any CPU
		{D7939118-C407-4F9C-B21C-1F9A69FAC2E0}.Release|Any CPU.Build.0 = Release|Any CPU
		{3148C5D8-ECBF-45EA-804D-0658051CD6BC}.Debug|Any CPU.ActiveCfg = Debug|Any CPU
		{3148C5D8-ECBF-45EA-804D-0658051CD6BC}.Debug|Any CPU.Build.0 = Debug|Any CPU
		{3148C5D8-ECBF-45EA-804D-0658051CD6BC}.Release|Any CPU.ActiveCfg = Release|Any CPU
		{3148C5D8-ECBF-45EA-804D-0658051CD6BC}.Release|Any CPU.Build.0 = Release|Any CPU
		{A58052A7-FD7F-4E08-A143-516008776B91}.Debug|Any CPU.ActiveCfg = Debug|Any CPU
		{A58052A7-FD7F-4E08-A143-516008776B91}.Debug|Any CPU.Build.0 = Debug|Any CPU
		{A58052A7-FD7F-4E08-A143-516008776B91}.Release|Any CPU.ActiveCfg = Release|Any CPU
		{A58052A7-FD7F-4E08-A143-516008776B91}.Release|Any CPU.Build.0 = Release|Any CPU
	EndGlobalSection
	GlobalSection(SolutionProperties) = preSolution
		HideSolutionNode = FALSE
	EndGlobalSection
	GlobalSection(ExtensibilityGlobals) = postSolution
		SolutionGuid = {05216EBE-863D-43E7-A3B2-E87E2EA615F9}
	EndGlobalSection
EndGlobal
