
Microsoft Visual Studio Solution File, Format Version 12.00
# Visual Studio 15
VisualStudioVersion = 15.0.27130.2027
MinimumVisualStudioVersion = 10.0.40219.1
Project("{FAE04EC0-301F-11D3-BF4B-00C04F79EFBC}") = "RGR", "RGR\RGR.csproj", "{50ED2E4D-8D30-447C-BD14-DCC9C6D1555D}"
EndProject
Global
	GlobalSection(SolutionConfigurationPlatforms) = preSolution
		Debug|Any CPU = Debug|Any CPU
		Release|Any CPU = Release|Any CPU
	EndGlobalSection
	GlobalSection(ProjectConfigurationPlatforms) = postSolution
		{50ED2E4D-8D30-447C-BD14-DCC9C6D1555D}.Debug|Any CPU.ActiveCfg = Debug|Any CPU
		{50ED2E4D-8D30-447C-BD14-DCC9C6D1555D}.Debug|Any CPU.Build.0 = Debug|Any CPU
		{50ED2E4D-8D30-447C-BD14-DCC9C6D1555D}.Release|Any CPU.ActiveCfg = Release|Any CPU
		{50ED2E4D-8D30-447C-BD14-DCC9C6D1555D}.Release|Any CPU.Build.0 = Release|Any CPU
	EndGlobalSection
	GlobalSection(SolutionProperties) = preSolution
		HideSolutionNode = FALSE
	EndGlobalSection
	GlobalSection(ExtensibilityGlobals) = postSolution
		SolutionGuid = {15032403-42C5-4169-A9FB-883B1F6DD9EE}
	EndGlobalSection
EndGlobal
